// !$*UTF8*$!
{
	archiveVersion = 1;
	classes = {
	};
	objectVersion = 46;
	objects = {

/* Begin PBXBuildFile section */
		EC26415B19EBFD5B0022C14C /* AppDelegate.swift in Sources */ = {isa = PBXBuildFile; fileRef = EC26415A19EBFD5B0022C14C /* AppDelegate.swift */; };
		EC26415D19EBFD5B0022C14C /* ViewController.swift in Sources */ = {isa = PBXBuildFile; fileRef = EC26415C19EBFD5B0022C14C /* ViewController.swift */; };
		EC26416019EBFD5C0022C14C /* Main.storyboard in Resources */ = {isa = PBXBuildFile; fileRef = EC26415E19EBFD5C0022C14C /* Main.storyboard */; };
		EC26416219EBFD5C0022C14C /* Images.xcassets in Resources */ = {isa = PBXBuildFile; fileRef = EC26416119EBFD5C0022C14C /* Images.xcassets */; };
		EC26416519EBFD5C0022C14C /* LaunchScreen.xib in Resources */ = {isa = PBXBuildFile; fileRef = EC26416319EBFD5C0022C14C /* LaunchScreen.xib */; };
		EC26417119EBFD5C0022C14C /* ShoeConverterTests.swift in Sources */ = {isa = PBXBuildFile; fileRef = EC26417019EBFD5C0022C14C /* ShoeConverterTests.swift */; };
/* End PBXBuildFile section */

/* Begin PBXContainerItemProxy section */
		EC26416B19EBFD5C0022C14C /* PBXContainerItemProxy */ = {
			isa = PBXContainerItemProxy;
			containerPortal = EC26414D19EBFD5B0022C14C /* Project object */;
			proxyType = 1;
			remoteGlobalIDString = EC26415419EBFD5B0022C14C;
			remoteInfo = ShoeConverter;
		};
/* End PBXContainerItemProxy section */

/* Begin PBXFileReference section */
		EC26415519EBFD5B0022C14C /* ShoeConverter.app */ = {isa = PBXFileReference; explicitFileType = wrapper.application; includeInIndex = 0; path = ShoeConverter.app; sourceTree = BUILT_PRODUCTS_DIR; };
		EC26415919EBFD5B0022C14C /* Info.plist */ = {isa = PBXFileReference; lastKnownFileType = text.plist.xml; path = Info.plist; sourceTree = "<group>"; };
		EC26415A19EBFD5B0022C14C /* AppDelegate.swift */ = {isa = PBXFileReference; lastKnownFileType = sourcecode.swift; path = AppDelegate.swift; sourceTree = "<group>"; };
		EC26415C19EBFD5B0022C14C /* ViewController.swift */ = {isa = PBXFileReference; lastKnownFileType = sourcecode.swift; path = ViewController.swift; sourceTree = "<group>"; };
		EC26415F19EBFD5C0022C14C /* Base */ = {isa = PBXFileReference; lastKnownFileType = file.storyboard; name = Base; path = Base.lproj/Main.storyboard; sourceTree = "<group>"; };
		EC26416119EBFD5C0022C14C /* Images.xcassets */ = {isa = PBXFileReference; lastKnownFileType = folder.assetcatalog; path = Images.xcassets; sourceTree = "<group>"; };
		EC26416419EBFD5C0022C14C /* Base */ = {isa = PBXFileReference; lastKnownFileType = file.xib; name = Base; path = Base.lproj/LaunchScreen.xib; sourceTree = "<group>"; };
		EC26416A19EBFD5C0022C14C /* ShoeConverterTests.xctest */ = {isa = PBXFileReference; explicitFileType = wrapper.cfbundle; includeInIndex = 0; path = ShoeConverterTests.xctest; sourceTree = BUILT_PRODUCTS_DIR; };
		EC26416F19EBFD5C0022C14C /* Info.plist */ = {isa = PBXFileReference; lastKnownFileType = text.plist.xml; path = Info.plist; sourceTree = "<group>"; };
		EC26417019EBFD5C0022C14C /* ShoeConverterTests.swift */ = {isa = PBXFileReference; lastKnownFileType = sourcecode.swift; path = ShoeConverterTests.swift; sourceTree = "<group>"; };
/* End PBXFileReference section */

/* Begin PBXFrameworksBuildPhase section */
		EC26415219EBFD5B0022C14C /* Frameworks */ = {
			isa = PBXFrameworksBuildPhase;
			buildActionMask = 2147483647;
			files = (
			);
			runOnlyForDeploymentPostprocessing = 0;
		};
		EC26416719EBFD5C0022C14C /* Frameworks */ = {
			isa = PBXFrameworksBuildPhase;
			buildActionMask = 2147483647;
			files = (
			);
			runOnlyForDeploymentPostprocessing = 0;
		};
/* End PBXFrameworksBuildPhase section */

/* Begin PBXGroup section */
		EC26414C19EBFD5B0022C14C = {
			isa = PBXGroup;
			children = (
				EC26415719EBFD5B0022C14C /* ShoeConverter */,
				EC26416D19EBFD5C0022C14C /* ShoeConverterTests */,
				EC26415619EBFD5B0022C14C /* Products */,
			);
			sourceTree = "<group>";
		};
		EC26415619EBFD5B0022C14C /* Products */ = {
			isa = PBXGroup;
			children = (
				EC26415519EBFD5B0022C14C /* ShoeConverter.app */,
				EC26416A19EBFD5C0022C14C /* ShoeConverterTests.xctest */,
			);
			name = Products;
			sourceTree = "<group>";
		};
		EC26415719EBFD5B0022C14C /* ShoeConverter */ = {
			isa = PBXGroup;
			children = (
				EC26415A19EBFD5B0022C14C /* AppDelegate.swift */,
				EC26415C19EBFD5B0022C14C /* ViewController.swift */,
				EC26415E19EBFD5C0022C14C /* Main.storyboard */,
				EC26416119EBFD5C0022C14C /* Images.xcassets */,
				EC26416319EBFD5C0022C14C /* LaunchScreen.xib */,
				EC26415819EBFD5B0022C14C /* Supporting Files */,
			);
			path = ShoeConverter;
			sourceTree = "<group>";
		};
		EC26415819EBFD5B0022C14C /* Supporting Files */ = {
			isa = PBXGroup;
			children = (
				EC26415919EBFD5B0022C14C /* Info.plist */,
			);
			name = "Supporting Files";
			sourceTree = "<group>";
		};
		EC26416D19EBFD5C0022C14C /* ShoeConverterTests */ = {
			isa = PBXGroup;
			children = (
				EC26417019EBFD5C0022C14C /* ShoeConverterTests.swift */,
				EC26416E19EBFD5C0022C14C /* Supporting Files */,
			);
			path = ShoeConverterTests;
			sourceTree = "<group>";
		};
		EC26416E19EBFD5C0022C14C /* Supporting Files */ = {
			isa = PBXGroup;
			children = (
				EC26416F19EBFD5C0022C14C /* Info.plist */,
			);
			name = "Supporting Files";
			sourceTree = "<group>";
		};
/* End PBXGroup section */

/* Begin PBXNativeTarget section */
		EC26415419EBFD5B0022C14C /* ShoeConverter */ = {
			isa = PBXNativeTarget;
			buildConfigurationList = EC26417419EBFD5C0022C14C /* Build configuration list for PBXNativeTarget "ShoeConverter" */;
			buildPhases = (
				EC26415119EBFD5B0022C14C /* Sources */,
				EC26415219EBFD5B0022C14C /* Frameworks */,
				EC26415319EBFD5B0022C14C /* Resources */,
			);
			buildRules = (
			);
			dependencies = (
			);
			name = ShoeConverter;
			productName = ShoeConverter;
			productReference = EC26415519EBFD5B0022C14C /* ShoeConverter.app */;
			productType = "com.apple.product-type.application";
		};
		EC26416919EBFD5C0022C14C /* ShoeConverterTests */ = {
			isa = PBXNativeTarget;
			buildConfigurationList = EC26417719EBFD5C0022C14C /* Build configuration list for PBXNativeTarget "ShoeConverterTests" */;
			buildPhases = (
				EC26416619EBFD5C0022C14C /* Sources */,
				EC26416719EBFD5C0022C14C /* Frameworks */,
				EC26416819EBFD5C0022C14C /* Resources */,
			);
			buildRules = (
			);
			dependencies = (
				EC26416C19EBFD5C0022C14C /* PBXTargetDependency */,
			);
			name = ShoeConverterTests;
			productName = ShoeConverterTests;
			productReference = EC26416A19EBFD5C0022C14C /* ShoeConverterTests.xctest */;
			productType = "com.apple.product-type.bundle.unit-test";
		};
/* End PBXNativeTarget section */

/* Begin PBXProject section */
		EC26414D19EBFD5B0022C14C /* Project object */ = {
			isa = PBXProject;
			attributes = {
				LastUpgradeCheck = 0600;
				ORGANIZATIONNAME = "max murrell";
				TargetAttributes = {
					EC26415419EBFD5B0022C14C = {
						CreatedOnToolsVersion = 6.0.1;
					};
					EC26416919EBFD5C0022C14C = {
						CreatedOnToolsVersion = 6.0.1;
						TestTargetID = EC26415419EBFD5B0022C14C;
					};
				};
			};
			buildConfigurationList = EC26415019EBFD5B0022C14C /* Build configuration list for PBXProject "ShoeConverter" */;
			compatibilityVersion = "Xcode 3.2";
			developmentRegion = English;
			hasScannedForEncodings = 0;
			knownRegions = (
				en,
				Base,
			);
			mainGroup = EC26414C19EBFD5B0022C14C;
			productRefGroup = EC26415619EBFD5B0022C14C /* Products */;
			projectDirPath = "";
			projectRoot = "";
			targets = (
				EC26415419EBFD5B0022C14C /* ShoeConverter */,
				EC26416919EBFD5C0022C14C /* ShoeConverterTests */,
			);
		};
/* End PBXProject section */

/* Begin PBXResourcesBuildPhase section */
		EC26415319EBFD5B0022C14C /* Resources */ = {
			isa = PBXResourcesBuildPhase;
			buildActionMask = 2147483647;
			files = (
				EC26416019EBFD5C0022C14C /* Main.storyboard in Resources */,
				EC26416519EBFD5C0022C14C /* LaunchScreen.xib in Resources */,
				EC26416219EBFD5C0022C14C /* Images.xcassets in Resources */,
			);
			runOnlyForDeploymentPostprocessing = 0;
		};
		EC26416819EBFD5C0022C14C /* Resources */ = {
			isa = PBXResourcesBuildPhase;
			buildActionMask = 2147483647;
			files = (
			);
			runOnlyForDeploymentPostprocessing = 0;
		};
/* End PBXResourcesBuildPhase section */

/* Begin PBXSourcesBuildPhase section */
		EC26415119EBFD5B0022C14C /* Sources */ = {
			isa = PBXSourcesBuildPhase;
			buildActionMask = 2147483647;
			files = (
				EC26415D19EBFD5B0022C14C /* ViewController.swift in Sources */,
				EC26415B19EBFD5B0022C14C /* AppDelegate.swift in Sources */,
			);
			runOnlyForDeploymentPostprocessing = 0;
		};
		EC26416619EBFD5C0022C14C /* Sources */ = {
			isa = PBXSourcesBuildPhase;
			buildActionMask = 2147483647;
			files = (
				EC26417119EBFD5C0022C14C /* ShoeConverterTests.swift in Sources */,
			);
			runOnlyForDeploymentPostprocessing = 0;
		};
/* End PBXSourcesBuildPhase section */

/* Begin PBXTargetDependency section */
		EC26416C19EBFD5C0022C14C /* PBXTargetDependency */ = {
			isa = PBXTargetDependency;
			target = EC26415419EBFD5B0022C14C /* ShoeConverter */;
			targetProxy = EC26416B19EBFD5C0022C14C /* PBXContainerItemProxy */;
		};
/* End PBXTargetDependency section */

/* Begin PBXVariantGroup section */
		EC26415E19EBFD5C0022C14C /* Main.storyboard */ = {
			isa = PBXVariantGroup;
			children = (
				EC26415F19EBFD5C0022C14C /* Base */,
			);
			name = Main.storyboard;
			sourceTree = "<group>";
		};
		EC26416319EBFD5C0022C14C /* LaunchScreen.xib */ = {
			isa = PBXVariantGroup;
			children = (
				EC26416419EBFD5C0022C14C /* Base */,
			);
			name = LaunchScreen.xib;
			sourceTree = "<group>";
		};
/* End PBXVariantGroup section */

/* Begin XCBuildConfiguration section */
		EC26417219EBFD5C0022C14C /* Debug */ = {
			isa = XCBuildConfiguration;
			buildSettings = {
				ALWAYS_SEARCH_USER_PATHS = NO;
				CLANG_CXX_LANGUAGE_STANDARD = "gnu++0x";
				CLANG_CXX_LIBRARY = "libc++";
				CLANG_ENABLE_MODULES = YES;
				CLANG_ENABLE_OBJC_ARC = YES;
				CLANG_WARN_BOOL_CONVERSION = YES;
				CLANG_WARN_CONSTANT_CONVERSION = YES;
				CLANG_WARN_DIRECT_OBJC_ISA_USAGE = YES_ERROR;
				CLANG_WARN_EMPTY_BODY = YES;
				CLANG_WARN_ENUM_CONVERSION = YES;
				CLANG_WARN_INT_CONVERSION = YES;
				CLANG_WARN_OBJC_ROOT_CLASS = YES_ERROR;
				CLANG_WARN_UNREACHABLE_CODE = YES;
				CLANG_WARN__DUPLICATE_METHOD_MATCH = YES;
				"CODE_SIGN_IDENTITY[sdk=iphoneos*]" = "iPhone Developer";
				COPY_PHASE_STRIP = NO;
				ENABLE_STRICT_OBJC_MSGSEND = YES;
				GCC_C_LANGUAGE_STANDARD = gnu99;
				GCC_DYNAMIC_NO_PIC = NO;
				GCC_OPTIMIZATION_LEVEL = 0;
				GCC_PREPROCESSOR_DEFINITIONS = (
					"DEBUG=1",
					"$(inherited)",
				);
				GCC_SYMBOLS_PRIVATE_EXTERN = NO;
				GCC_WARN_64_TO_32_BIT_CONVERSION = YES;
				GCC_WARN_ABOUT_RETURN_TYPE = YES_ERROR;
				GCC_WARN_UNDECLARED_SELECTOR = YES;
				GCC_WARN_UNINITIALIZED_AUTOS = YES_AGGRESSIVE;
				GCC_WARN_UNUSED_FUNCTION = YES;
				GCC_WARN_UNUSED_VARIABLE = YES;
				IPHONEOS_DEPLOYMENT_TARGET = 8.0;
				MTL_ENABLE_DEBUG_INFO = YES;
				ONLY_ACTIVE_ARCH = YES;
				SDKROOT = iphoneos;
				SWIFT_OPTIMIZATION_LEVEL = "-Onone";
				TARGETED_DEVICE_FAMILY = "1,2";
			};
			name = Debug;
		};
		EC26417319EBFD5C0022C14C /* Release */ = {
			isa = XCBuildConfiguration;
			buildSettings = {
				ALWAYS_SEARCH_USER_PATHS = NO;
				CLANG_CXX_LANGUAGE_STANDARD = "gnu++0x";
				CLANG_CXX_LIBRARY = "libc++";
				CLANG_ENABLE_MODULES = YES;
				CLANG_ENABLE_OBJC_ARC = YES;
				CLANG_WARN_BOOL_CONVERSION = YES;
				CLANG_WARN_CONSTANT_CONVERSION = YES;
				CLANG_WARN_DIRECT_OBJC_ISA_USAGE = YES_ERROR;
				CLANG_WARN_EMPTY_BODY = YES;
				CLANG_WARN_ENUM_CONVERSION = YES;
				CLANG_WARN_INT_CONVERSION = YES;
				CLANG_WARN_OBJC_ROOT_CLASS = YES_ERROR;
				CLANG_WARN_UNREACHABLE_CODE = YES;
				CLANG_WARN__DUPLICATE_METHOD_MATCH = YES;
				"CODE_SIGN_IDENTITY[sdk=iphoneos*]" = "iPhone Developer";
				COPY_PHASE_STRIP = YES;
				ENABLE_NS_ASSERTIONS = NO;
				ENABLE_STRICT_OBJC_MSGSEND = YES;
				GCC_C_LANGUAGE_STANDARD = gnu99;
				GCC_WARN_64_TO_32_BIT_CONVERSION = YES;
				GCC_WARN_ABOUT_RETURN_TYPE = YES_ERROR;
				GCC_WARN_UNDECLARED_SELECTOR = YES;
				GCC_WARN_UNINITIALIZED_AUTOS = YES_AGGRESSIVE;
				GCC_WARN_UNUSED_FUNCTION = YES;
				GCC_WARN_UNUSED_VARIABLE = YES;
				IPHONEOS_DEPLOYMENT_TARGET = 8.0;
				MTL_ENABLE_DEBUG_INFO = NO;
				SDKROOT = iphoneos;
				TARGETED_DEVICE_FAMILY = "1,2";
				VALIDATE_PRODUCT = YES;
			};
			name = Release;
		};
		EC26417519EBFD5C0022C14C /* Debug */ = {
			isa = XCBuildConfiguration;
			buildSettings = {
				ASSETCATALOG_COMPILER_APPICON_NAME = AppIcon;
				INFOPLIST_FILE = ShoeConverter/Info.plist;
				LD_RUNPATH_SEARCH_PATHS = "$(inherited) @executable_path/Frameworks";
				PRODUCT_NAME = "$(TARGET_NAME)";
			};
			name = Debug;
		};
		EC26417619EBFD5C0022C14C /* Release */ = {
			isa = XCBuildConfiguration;
			buildSettings = {
				ASSETCATALOG_COMPILER_APPICON_NAME = AppIcon;
				INFOPLIST_FILE = ShoeConverter/Info.plist;
				LD_RUNPATH_SEARCH_PATHS = "$(inherited) @executable_path/Frameworks";
				PRODUCT_NAME = "$(TARGET_NAME)";
			};
			name = Release;
		};
		EC26417819EBFD5C0022C14C /* Debug */ = {
			isa = XCBuildConfiguration;
			buildSettings = {
				BUNDLE_LOADER = "$(TEST_HOST)";
				FRAMEWORK_SEARCH_PATHS = (
					"$(SDKROOT)/Developer/Library/Frameworks",
					"$(inherited)",
				);
				GCC_PREPROCESSOR_DEFINITIONS = (
					"DEBUG=1",
					"$(inherited)",
				);
				INFOPLIST_FILE = ShoeConverterTests/Info.plist;
				LD_RUNPATH_SEARCH_PATHS = "$(inherited) @executable_path/Frameworks @loader_path/Frameworks";
				PRODUCT_NAME = "$(TARGET_NAME)";
				TEST_HOST = "$(BUILT_PRODUCTS_DIR)/ShoeConverter.app/ShoeConverter";
			};
			name = Debug;
		};
		EC26417919EBFD5C0022C14C /* Release */ = {
			isa = XCBuildConfiguration;
			buildSettings = {
				BUNDLE_LOADER = "$(TEST_HOST)";
				FRAMEWORK_SEARCH_PATHS = (
					"$(SDKROOT)/Developer/Library/Frameworks",
					"$(inherited)",
				);
				INFOPLIST_FILE = ShoeConverterTests/Info.plist;
				LD_RUNPATH_SEARCH_PATHS = "$(inherited) @executable_path/Frameworks @loader_path/Frameworks";
				PRODUCT_NAME = "$(TARGET_NAME)";
				TEST_HOST = "$(BUILT_PRODUCTS_DIR)/ShoeConverter.app/ShoeConverter";
			};
			name = Release;
		};
/* End XCBuildConfiguration section */

/* Begin XCConfigurationList section */
		EC26415019EBFD5B0022C14C /* Build configuration list for PBXProject "ShoeConverter" */ = {
			isa = XCConfigurationList;
			buildConfigurations = (
				EC26417219EBFD5C0022C14C /* Debug */,
				EC26417319EBFD5C0022C14C /* Release */,
			);
			defaultConfigurationIsVisible = 0;
			defaultConfigurationName = Release;
		};
		EC26417419EBFD5C0022C14C /* Build configuration list for PBXNativeTarget "ShoeConverter" */ = {
			isa = XCConfigurationList;
			buildConfigurations = (
				EC26417519EBFD5C0022C14C /* Debug */,
				EC26417619EBFD5C0022C14C /* Release */,
			);
			defaultConfigurationIsVisible = 0;
		};
		EC26417719EBFD5C0022C14C /* Build configuration list for PBXNativeTarget "ShoeConverterTests" */ = {
			isa = XCConfigurationList;
			buildConfigurations = (
				EC26417819EBFD5C0022C14C /* Debug */,
				EC26417919EBFD5C0022C14C /* Release */,
			);
			defaultConfigurationIsVisible = 0;
		};
/* End XCConfigurationList section */
	};
	rootObject = EC26414D19EBFD5B0022C14C /* Project object */;
}
